// !$*UTF8*$!
{
	archiveVersion = 1;
	classes = {
	};
	objectVersion = 46;
	objects = {

/* Begin PBXBuildFile section */
		BDFED2BA1F16A1FC00C9450D /* AppDelegate.swift in Sources */ = {isa = PBXBuildFile; fileRef = BDFED2B91F16A1FC00C9450D /* AppDelegate.swift */; };
		BDFED2BC1F16A1FC00C9450D /* ViewController.swift in Sources */ = {isa = PBXBuildFile; fileRef = BDFED2BB1F16A1FC00C9450D /* ViewController.swift */; };
		BDFED2BF1F16A1FC00C9450D /* Main.storyboard in Resources */ = {isa = PBXBuildFile; fileRef = BDFED2BD1F16A1FC00C9450D /* Main.storyboard */; };
		BDFED2C11F16A1FC00C9450D /* Assets.xcassets in Resources */ = {isa = PBXBuildFile; fileRef = BDFED2C01F16A1FC00C9450D /* Assets.xcassets */; };
		BDFED2C41F16A1FC00C9450D /* LaunchScreen.storyboard in Resources */ = {isa = PBXBuildFile; fileRef = BDFED2C21F16A1FC00C9450D /* LaunchScreen.storyboard */; };
/* End PBXBuildFile section */

/* Begin PBXFileReference section */
		BDFED2B61F16A1FC00C9450D /* BaseProject.app */ = {isa = PBXFileReference; explicitFileType = wrapper.application; includeInIndex = 0; path = BaseProject.app; sourceTree = BUILT_PRODUCTS_DIR; };
		BDFED2B91F16A1FC00C9450D /* AppDelegate.swift */ = {isa = PBXFileReference; lastKnownFileType = sourcecode.swift; path = AppDelegate.swift; sourceTree = "<group>"; };
		BDFED2BB1F16A1FC00C9450D /* ViewController.swift */ = {isa = PBXFileReference; lastKnownFileType = sourcecode.swift; path = ViewController.swift; sourceTree = "<group>"; };
		BDFED2BE1F16A1FC00C9450D /* Base */ = {isa = PBXFileReference; lastKnownFileType = file.storyboard; name = Base; path = Base.lproj/Main.storyboard; sourceTree = "<group>"; };
		BDFED2C01F16A1FC00C9450D /* Assets.xcassets */ = {isa = PBXFileReference; lastKnownFileType = folder.assetcatalog; path = Assets.xcassets; sourceTree = "<group>"; };
		BDFED2C31F16A1FC00C9450D /* Base */ = {isa = PBXFileReference; lastKnownFileType = file.storyboard; name = Base; path = Base.lproj/LaunchScreen.storyboard; sourceTree = "<group>"; };
		BDFED2C51F16A1FC00C9450D /* Info.plist */ = {isa = PBXFileReference; lastKnownFileType = text.plist.xml; path = Info.plist; sourceTree = "<group>"; };
/* End PBXFileReference section */

/* Begin PBXFrameworksBuildPhase section */
		BDFED2B31F16A1FC00C9450D /* Frameworks */ = {
			isa = PBXFrameworksBuildPhase;
			buildActionMask = 2147483647;
			files = (
			);
			runOnlyForDeploymentPostprocessing = 0;
		};
/* End PBXFrameworksBuildPhase section */

/* Begin PBXGroup section */
		BDFED2AD1F16A1FC00C9450D = {
			isa = PBXGroup;
			children = (
				BDFED2B81F16A1FC00C9450D /* BaseProject */,
				BDFED2B71F16A1FC00C9450D /* Products */,
			);
			sourceTree = "<group>";
		};
		BDFED2B71F16A1FC00C9450D /* Products */ = {
			isa = PBXGroup;
			children = (
				BDFED2B61F16A1FC00C9450D /* BaseProject.app */,
			);
			name = Products;
			sourceTree = "<group>";
		};
		BDFED2B81F16A1FC00C9450D /* BaseProject */ = {
			isa = PBXGroup;
			children = (
				BDFED2CC1F16A28700C9450D /* Model */,
				BDFED2CB1F16A26900C9450D /* Services */,
				BDFED2CD1F16A2AA00C9450D /* Coordinators */,
				BDFED2B91F16A1FC00C9450D /* AppDelegate.swift */,
				BDFED2BB1F16A1FC00C9450D /* ViewController.swift */,
				BDFED2BD1F16A1FC00C9450D /* Main.storyboard */,
				BDFED2C01F16A1FC00C9450D /* Assets.xcassets */,
				BDFED2C21F16A1FC00C9450D /* LaunchScreen.storyboard */,
				BDFED2C51F16A1FC00C9450D /* Info.plist */,
			);
			path = BaseProject;
			sourceTree = "<group>";
		};
		BDFED2CB1F16A26900C9450D /* Services */ = {
			isa = PBXGroup;
			children = (
			);
			path = Services;
			sourceTree = "<group>";
		};
		BDFED2CC1F16A28700C9450D /* Model */ = {
			isa = PBXGroup;
			children = (
			);
			path = Model;
			sourceTree = "<group>";
		};
		BDFED2CD1F16A2AA00C9450D /* Coordinators */ = {
			isa = PBXGroup;
			children = (
			);
			name = Coordinators;
			sourceTree = "<group>";
		};
/* End PBXGroup section */

/* Begin PBXNativeTarget section */
		BDFED2B51F16A1FC00C9450D /* BaseProject */ = {
			isa = PBXNativeTarget;
			buildConfigurationList = BDFED2C81F16A1FC00C9450D /* Build configuration list for PBXNativeTarget "BaseProject" */;
			buildPhases = (
				BDFED2B21F16A1FC00C9450D /* Sources */,
				BDFED2B31F16A1FC00C9450D /* Frameworks */,
				BDFED2B41F16A1FC00C9450D /* Resources */,
			);
			buildRules = (
			);
			dependencies = (
			);
			name = BaseProject;
			productName = BaseProject;
			productReference = BDFED2B61F16A1FC00C9450D /* BaseProject.app */;
			productType = "com.apple.product-type.application";
		};
/* End PBXNativeTarget section */

/* Begin PBXProject section */
		BDFED2AE1F16A1FC00C9450D /* Project object */ = {
			isa = PBXProject;
			attributes = {
				LastSwiftUpdateCheck = 0830;
				LastUpgradeCheck = 0830;
				ORGANIZATIONNAME = Skorepak;
				TargetAttributes = {
					BDFED2B51F16A1FC00C9450D = {
						CreatedOnToolsVersion = 8.3.3;
						DevelopmentTeam = L2FMLM8328;
						ProvisioningStyle = Automatic;
					};
				};
			};
			buildConfigurationList = BDFED2B11F16A1FC00C9450D /* Build configuration list for PBXProject "BaseProject" */;
			compatibilityVersion = "Xcode 3.2";
			developmentRegion = English;
			hasScannedForEncodings = 0;
			knownRegions = (
				en,
				Base,
			);
			mainGroup = BDFED2AD1F16A1FC00C9450D;
			productRefGroup = BDFED2B71F16A1FC00C9450D /* Products */;
			projectDirPath = "";
			projectRoot = "";
			targets = (
				BDFED2B51F16A1FC00C9450D /* BaseProject */,
			);
		};
/* End PBXProject section */

/* Begin PBXResourcesBuildPhase section */
		BDFED2B41F16A1FC00C9450D /* Resources */ = {
			isa = PBXResourcesBuildPhase;
			buildActionMask = 2147483647;
			files = (
				BDFED2C41F16A1FC00C9450D /* LaunchScreen.storyboard in Resources */,
				BDFED2C11F16A1FC00C9450D /* Assets.xcassets in Resources */,
				BDFED2BF1F16A1FC00C9450D /* Main.storyboard in Resources */,
			);
			runOnlyForDeploymentPostprocessing = 0;
		};
/* End PBXResourcesBuildPhase section */

/* Begin PBXSourcesBuildPhase section */
		BDFED2B21F16A1FC00C9450D /* Sources */ = {
			isa = PBXSourcesBuildPhase;
			buildActionMask = 2147483647;
			files = (
				BDFED2BC1F16A1FC00C9450D /* ViewController.swift in Sources */,
				BDFED2BA1F16A1FC00C9450D /* AppDelegate.swift in Sources */,
			);
			runOnlyForDeploymentPostprocessing = 0;
		};
/* End PBXSourcesBuildPhase section */

/* Begin PBXVariantGroup section */
		BDFED2BD1F16A1FC00C9450D /* Main.storyboard */ = {
			isa = PBXVariantGroup;
			children = (
				BDFED2BE1F16A1FC00C9450D /* Base */,
			);
			name = Main.storyboard;
			sourceTree = "<group>";
		};
		BDFED2C21F16A1FC00C9450D /* LaunchScreen.storyboard */ = {
			isa = PBXVariantGroup;
			children = (
				BDFED2C31F16A1FC00C9450D /* Base */,
			);
			name = LaunchScreen.storyboard;
			sourceTree = "<group>";
		};
/* End PBXVariantGroup section */

/* Begin XCBuildConfiguration section */
		BDFED2C61F16A1FC00C9450D /* Debug */ = {
			isa = XCBuildConfiguration;
			buildSettings = {
				ALWAYS_SEARCH_USER_PATHS = NO;
				CLANG_ANALYZER_NONNULL = YES;
				CLANG_ANALYZER_NUMBER_OBJECT_CONVERSION = YES_AGGRESSIVE;
				CLANG_CXX_LANGUAGE_STANDARD = "gnu++0x";
				CLANG_CXX_LIBRARY = "libc++";
				CLANG_ENABLE_MODULES = YES;
				CLANG_ENABLE_OBJC_ARC = YES;
				CLANG_WARN_BOOL_CONVERSION = YES;
				CLANG_WARN_CONSTANT_CONVERSION = YES;
				CLANG_WARN_DIRECT_OBJC_ISA_USAGE = YES_ERROR;
				CLANG_WARN_DOCUMENTATION_COMMENTS = YES;
				CLANG_WARN_EMPTY_BODY = YES;
				CLANG_WARN_ENUM_CONVERSION = YES;
				CLANG_WARN_INFINITE_RECURSION = YES;
				CLANG_WARN_INT_CONVERSION = YES;
				CLANG_WARN_OBJC_ROOT_CLASS = YES_ERROR;
				CLANG_WARN_SUSPICIOUS_MOVE = YES;
				CLANG_WARN_UNREACHABLE_CODE = YES;
				CLANG_WARN__DUPLICATE_METHOD_MATCH = YES;
				"CODE_SIGN_IDENTITY[sdk=iphoneos*]" = "iPhone Developer";
				COPY_PHASE_STRIP = NO;
				DEBUG_INFORMATION_FORMAT = dwarf;
				ENABLE_STRICT_OBJC_MSGSEND = YES;
				ENABLE_TESTABILITY = YES;
				GCC_C_LANGUAGE_STANDARD = gnu99;
				GCC_DYNAMIC_NO_PIC = NO;
				GCC_NO_COMMON_BLOCKS = YES;
				GCC_OPTIMIZATION_LEVEL = 0;
				GCC_PREPROCESSOR_DEFINITIONS = (
					"DEBUG=1",
					"$(inherited)",
				);
				GCC_WARN_64_TO_32_BIT_CONVERSION = YES;
				GCC_WARN_ABOUT_RETURN_TYPE = YES_ERROR;
				GCC_WARN_UNDECLARED_SELECTOR = YES;
				GCC_WARN_UNINITIALIZED_AUTOS = YES_AGGRESSIVE;
				GCC_WARN_UNUSED_FUNCTION = YES;
				GCC_WARN_UNUSED_VARIABLE = YES;
				IPHONEOS_DEPLOYMENT_TARGET = 10.3;
				MTL_ENABLE_DEBUG_INFO = YES;
				ONLY_ACTIVE_ARCH = YES;
				SDKROOT = iphoneos;
				SWIFT_ACTIVE_COMPILATION_CONDITIONS = DEBUG;
				SWIFT_OPTIMIZATION_LEVEL = "-Onone";
				TARGETED_DEVICE_FAMILY = "1,2";
			};
			name = Debug;
		};
		BDFED2C71F16A1FC00C9450D /* Release */ = {
			isa = XCBuildConfiguration;
			buildSettings = {
				ALWAYS_SEARCH_USER_PATHS = NO;
				CLANG_ANALYZER_NONNULL = YES;
				CLANG_ANALYZER_NUMBER_OBJECT_CONVERSION = YES_AGGRESSIVE;
				CLANG_CXX_LANGUAGE_STANDARD = "gnu++0x";
				CLANG_CXX_LIBRARY = "libc++";
				CLANG_ENABLE_MODULES = YES;
				CLANG_ENABLE_OBJC_ARC = YES;
				CLANG_WARN_BOOL_CONVERSION = YES;
				CLANG_WARN_CONSTANT_CONVERSION = YES;
				CLANG_WARN_DIRECT_OBJC_ISA_USAGE = YES_ERROR;
				CLANG_WARN_DOCUMENTATION_COMMENTS = YES;
				CLANG_WARN_EMPTY_BODY = YES;
				CLANG_WARN_ENUM_CONVERSION = YES;
				CLANG_WARN_INFINITE_RECURSION = YES;
				CLANG_WARN_INT_CONVERSION = YES;
				CLANG_WARN_OBJC_ROOT_CLASS = YES_ERROR;
				CLANG_WARN_SUSPICIOUS_MOVE = YES;
				CLANG_WARN_UNREACHABLE_CODE = YES;
				CLANG_WARN__DUPLICATE_METHOD_MATCH = YES;
				"CODE_SIGN_IDENTITY[sdk=iphoneos*]" = "iPhone Developer";
				COPY_PHASE_STRIP = NO;
				DEBUG_INFORMATION_FORMAT = "dwarf-with-dsym";
				ENABLE_NS_ASSERTIONS = NO;
				ENABLE_STRICT_OBJC_MSGSEND = YES;
				GCC_C_LANGUAGE_STANDARD = gnu99;
				GCC_NO_COMMON_BLOCKS = YES;
				GCC_WARN_64_TO_32_BIT_CONVERSION = YES;
				GCC_WARN_ABOUT_RETURN_TYPE = YES_ERROR;
				GCC_WARN_UNDECLARED_SELECTOR = YES;
				GCC_WARN_UNINITIALIZED_AUTOS = YES_AGGRESSIVE;
				GCC_WARN_UNUSED_FUNCTION = YES;
				GCC_WARN_UNUSED_VARIABLE = YES;
				IPHONEOS_DEPLOYMENT_TARGET = 10.3;
				MTL_ENABLE_DEBUG_INFO = NO;
				SDKROOT = iphoneos;
				SWIFT_OPTIMIZATION_LEVEL = "-Owholemodule";
				TARGETED_DEVICE_FAMILY = "1,2";
				VALIDATE_PRODUCT = YES;
			};
			name = Release;
		};
		BDFED2C91F16A1FC00C9450D /* Debug */ = {
			isa = XCBuildConfiguration;
			buildSettings = {
				ASSETCATALOG_COMPILER_APPICON_NAME = AppIcon;
				DEVELOPMENT_TEAM = L2FMLM8328;
				INFOPLIST_FILE = BaseProject/Info.plist;
				LD_RUNPATH_SEARCH_PATHS = "$(inherited) @executable_path/Frameworks";
				PRODUCT_BUNDLE_IDENTIFIER = com.skorepak.BaseProject;
				PRODUCT_NAME = "$(TARGET_NAME)";
				SWIFT_VERSION = 3.0;
				TARGETED_DEVICE_FAMILY = "1,2";
			};
			name = Debug;
		};
		BDFED2CA1F16A1FC00C9450D /* Release */ = {
			isa = XCBuildConfiguration;
			buildSettings = {
				ASSETCATALOG_COMPILER_APPICON_NAME = AppIcon;
				DEVELOPMENT_TEAM = L2FMLM8328;
				INFOPLIST_FILE = BaseProject/Info.plist;
				LD_RUNPATH_SEARCH_PATHS = "$(inherited) @executable_path/Frameworks";
				PRODUCT_BUNDLE_IDENTIFIER = com.skorepak.BaseProject;
				PRODUCT_NAME = "$(TARGET_NAME)";
				SWIFT_VERSION = 3.0;
				TARGETED_DEVICE_FAMILY = "1,2";
			};
			name = Release;
		};
/* End XCBuildConfiguration section */

/* Begin XCConfigurationList section */
		BDFED2B11F16A1FC00C9450D /* Build configuration list for PBXProject "BaseProject" */ = {
			isa = XCConfigurationList;
			buildConfigurations = (
				BDFED2C61F16A1FC00C9450D /* Debug */,
				BDFED2C71F16A1FC00C9450D /* Release */,
			);
			defaultConfigurationIsVisible = 0;
			defaultConfigurationName = Release;
		};
		BDFED2C81F16A1FC00C9450D /* Build configuration list for PBXNativeTarget "BaseProject" */ = {
			isa = XCConfigurationList;
			buildConfigurations = (
				BDFED2C91F16A1FC00C9450D /* Debug */,
				BDFED2CA1F16A1FC00C9450D /* Release */,
			);
			defaultConfigurationIsVisible = 0;
			defaultConfigurationName = Release;
		};
/* End XCConfigurationList section */
	};
	rootObject = BDFED2AE1F16A1FC00C9450D /* Project object */;
}
